<?xml version="1.0" encoding="utf-8"?>
<Project ToolsVersion="4.0" xmlns="http://schemas.microsoft.com/developer/msbuild/2003">
  <ItemGroup>
    <Filter Include="Source Files">
      <UniqueIdentifier>{4FC737F1-C7A5-4376-A066-2A32D752A2FF}</UniqueIdentifier>
      <Extensions>cpp;c;cc;cxx;def;odl;idl;hpj;bat;asm;asmx</Extensions>
    </Filter>
    <Filter Include="Header Files">
      <UniqueIdentifier>{93995380-89BD-4b04-88EB-625FBE52EBFB}</UniqueIdentifier>
      <Extensions>h;hh;hpp;hxx;hm;inl;inc;xsd</Extensions>
    </Filter>
    <Filter Include="Resource Files">
      <UniqueIdentifier>{67DA6AB6-F800-4c08-8B7A-83BB121AAD01}</UniqueIdentifier>
      <Extensions>rc;ico;cur;bmp;dlg;rc2;rct;bin;rgs;gif;jpg;jpeg;jpe;resx;tiff;tif;png;wav</Extensions>
    </Filter>
  </ItemGroup>
  <ItemGroup>
    <None Include="intermediate\CachedAssetRegistry.bin">
      <Filter>Resource Files</Filter>
    </None>
    <None Include="intermediate\assetregistrycache\1f683343.bin">
      <Filter>Resource Files</Filter>
    </None>
    <None Include="intermediate\assetregistrycache\2657c409.bin">
      <Filter>Resource Files</Filter>
    </None>
    <None Include="intermediate\assetregistrycache\50a675f9.bin">
      <Filter>Resource Files</Filter>
    </None>
    <None Include="intermediate\assetregistrycache\52ed2538.bin">
      <Filter>Resource Files</Filter>
    </None>
    <None Include="intermediate\assetregistrycache\6bead350.bin">
      <Filter>Resource Files</Filter>
    </None>
    <None Include="intermediate\assetregistrycache\6e4a5115.bin">
      <Filter>Resource Files</Filter>
    </None>
    <None Include="intermediate\assetregistrycache\866581fd.bin">
      <Filter>Resource Files</Filter>
    </None>
    <None Include="intermediate\assetregistrycache\8c0e1344.bin">
      <Filter>Resource Files</Filter>
    </None>
    <None Include="intermediate\assetregistrycache\8e9331e2.bin">
      <Filter>Resource Files</Filter>
    </None>
    <None Include="intermediate\assetregistrycache\c9e91a3f.bin">
      <Filter>Resource Files</Filter>
    </None>
    <None Include="intermediate\assetregistrycache\e496c563.bin">
      <Filter>Resource Files</Filter>
    </None>
    <None Include="intermediate\assetregistrycache\f0d5030c.bin">
      <Filter>Resource Files</Filter>
    </None>
    <None Include="intermediate\reimportcache\3688439234.bin">
      <Filter>Resource Files</Filter>
    </None>
  </ItemGroup>
</Project>